// !$*UTF8*$!
{
	archiveVersion = 1;
	classes = {
	};
	objectVersion = 46;
	objects = {

/* Begin PBXBuildFile section */
		6A36709A1D2C1FBD005ACE38 /* AppDelegate.swift in Sources */ = {isa = PBXBuildFile; fileRef = 6A3670991D2C1FBD005ACE38 /* AppDelegate.swift */; };
		6A36709C1D2C1FBD005ACE38 /* ViewController.swift in Sources */ = {isa = PBXBuildFile; fileRef = 6A36709B1D2C1FBD005ACE38 /* ViewController.swift */; };
		6A36709F1D2C1FBD005ACE38 /* Main.storyboard in Resources */ = {isa = PBXBuildFile; fileRef = 6A36709D1D2C1FBD005ACE38 /* Main.storyboard */; };
		6A3670A11D2C1FBD005ACE38 /* Assets.xcassets in Resources */ = {isa = PBXBuildFile; fileRef = 6A3670A01D2C1FBD005ACE38 /* Assets.xcassets */; };
		6A3670A41D2C1FBD005ACE38 /* LaunchScreen.storyboard in Resources */ = {isa = PBXBuildFile; fileRef = 6A3670A21D2C1FBD005ACE38 /* LaunchScreen.storyboard */; };
		6A3670AF1D2C1FBD005ACE38 /* ImagePickerTests.swift in Sources */ = {isa = PBXBuildFile; fileRef = 6A3670AE1D2C1FBD005ACE38 /* ImagePickerTests.swift */; };
		6A3670BA1D2C1FBD005ACE38 /* ImagePickerUITests.swift in Sources */ = {isa = PBXBuildFile; fileRef = 6A3670B91D2C1FBD005ACE38 /* ImagePickerUITests.swift */; };
/* End PBXBuildFile section */

/* Begin PBXContainerItemProxy section */
		6A3670AB1D2C1FBD005ACE38 /* PBXContainerItemProxy */ = {
			isa = PBXContainerItemProxy;
			containerPortal = 6A36708E1D2C1FBD005ACE38 /* Project object */;
			proxyType = 1;
			remoteGlobalIDString = 6A3670951D2C1FBD005ACE38;
			remoteInfo = ImagePicker;
		};
		6A3670B61D2C1FBD005ACE38 /* PBXContainerItemProxy */ = {
			isa = PBXContainerItemProxy;
			containerPortal = 6A36708E1D2C1FBD005ACE38 /* Project object */;
			proxyType = 1;
			remoteGlobalIDString = 6A3670951D2C1FBD005ACE38;
			remoteInfo = ImagePicker;
		};
/* End PBXContainerItemProxy section */

/* Begin PBXFileReference section */
		6A3670961D2C1FBD005ACE38 /* Meme v1.0.app */ = {isa = PBXFileReference; explicitFileType = wrapper.application; includeInIndex = 0; path = "Meme v1.0.app"; sourceTree = BUILT_PRODUCTS_DIR; };
		6A3670991D2C1FBD005ACE38 /* AppDelegate.swift */ = {isa = PBXFileReference; lastKnownFileType = sourcecode.swift; path = AppDelegate.swift; sourceTree = "<group>"; };
		6A36709B1D2C1FBD005ACE38 /* ViewController.swift */ = {isa = PBXFileReference; lastKnownFileType = sourcecode.swift; path = ViewController.swift; sourceTree = "<group>"; };
		6A36709E1D2C1FBD005ACE38 /* Base */ = {isa = PBXFileReference; lastKnownFileType = file.storyboard; name = Base; path = Base.lproj/Main.storyboard; sourceTree = "<group>"; };
		6A3670A01D2C1FBD005ACE38 /* Assets.xcassets */ = {isa = PBXFileReference; lastKnownFileType = folder.assetcatalog; path = Assets.xcassets; sourceTree = "<group>"; };
		6A3670A31D2C1FBD005ACE38 /* Base */ = {isa = PBXFileReference; lastKnownFileType = file.storyboard; name = Base; path = Base.lproj/LaunchScreen.storyboard; sourceTree = "<group>"; };
		6A3670A51D2C1FBD005ACE38 /* Info.plist */ = {isa = PBXFileReference; lastKnownFileType = text.plist.xml; path = Info.plist; sourceTree = "<group>"; };
		6A3670AA1D2C1FBD005ACE38 /* Meme v1.0.xctest */ = {isa = PBXFileReference; explicitFileType = wrapper.cfbundle; includeInIndex = 0; path = "Meme v1.0.xctest"; sourceTree = BUILT_PRODUCTS_DIR; };
		6A3670AE1D2C1FBD005ACE38 /* ImagePickerTests.swift */ = {isa = PBXFileReference; lastKnownFileType = sourcecode.swift; path = ImagePickerTests.swift; sourceTree = "<group>"; };
		6A3670B01D2C1FBD005ACE38 /* Info.plist */ = {isa = PBXFileReference; lastKnownFileType = text.plist.xml; path = Info.plist; sourceTree = "<group>"; };
		6A3670B51D2C1FBD005ACE38 /* Meme v1.0.xctest */ = {isa = PBXFileReference; explicitFileType = wrapper.cfbundle; includeInIndex = 0; path = "Meme v1.0.xctest"; sourceTree = BUILT_PRODUCTS_DIR; };
		6A3670B91D2C1FBD005ACE38 /* ImagePickerUITests.swift */ = {isa = PBXFileReference; lastKnownFileType = sourcecode.swift; path = ImagePickerUITests.swift; sourceTree = "<group>"; };
		6A3670BB1D2C1FBD005ACE38 /* Info.plist */ = {isa = PBXFileReference; lastKnownFileType = text.plist.xml; path = Info.plist; sourceTree = "<group>"; };
/* End PBXFileReference section */

/* Begin PBXFrameworksBuildPhase section */
		6A3670931D2C1FBD005ACE38 /* Frameworks */ = {
			isa = PBXFrameworksBuildPhase;
			buildActionMask = 2147483647;
			files = (
			);
			runOnlyForDeploymentPostprocessing = 0;
		};
		6A3670A71D2C1FBD005ACE38 /* Frameworks */ = {
			isa = PBXFrameworksBuildPhase;
			buildActionMask = 2147483647;
			files = (
			);
			runOnlyForDeploymentPostprocessing = 0;
		};
		6A3670B21D2C1FBD005ACE38 /* Frameworks */ = {
			isa = PBXFrameworksBuildPhase;
			buildActionMask = 2147483647;
			files = (
			);
			runOnlyForDeploymentPostprocessing = 0;
		};
/* End PBXFrameworksBuildPhase section */

/* Begin PBXGroup section */
		6A36708D1D2C1FBD005ACE38 = {
			isa = PBXGroup;
			children = (
				6A3670981D2C1FBD005ACE38 /* MemeApp */,
				6A3670AD1D2C1FBD005ACE38 /* ImagePickerTests */,
				6A3670B81D2C1FBD005ACE38 /* ImagePickerUITests */,
				6A3670971D2C1FBD005ACE38 /* Products */,
			);
			sourceTree = "<group>";
		};
		6A3670971D2C1FBD005ACE38 /* Products */ = {
			isa = PBXGroup;
			children = (
				6A3670961D2C1FBD005ACE38 /* Meme v1.0.app */,
				6A3670AA1D2C1FBD005ACE38 /* Meme v1.0.xctest */,
				6A3670B51D2C1FBD005ACE38 /* Meme v1.0.xctest */,
			);
			name = Products;
			sourceTree = "<group>";
		};
		6A3670981D2C1FBD005ACE38 /* MemeApp */ = {
			isa = PBXGroup;
			children = (
				6A3670991D2C1FBD005ACE38 /* AppDelegate.swift */,
				6A36709B1D2C1FBD005ACE38 /* ViewController.swift */,
				6A36709D1D2C1FBD005ACE38 /* Main.storyboard */,
				6A3670A01D2C1FBD005ACE38 /* Assets.xcassets */,
				6A3670A21D2C1FBD005ACE38 /* LaunchScreen.storyboard */,
				6A3670A51D2C1FBD005ACE38 /* Info.plist */,
			);
			name = MemeApp;
			path = ImagePicker;
			sourceTree = "<group>";
		};
		6A3670AD1D2C1FBD005ACE38 /* ImagePickerTests */ = {
			isa = PBXGroup;
			children = (
				6A3670AE1D2C1FBD005ACE38 /* ImagePickerTests.swift */,
				6A3670B01D2C1FBD005ACE38 /* Info.plist */,
			);
			path = ImagePickerTests;
			sourceTree = "<group>";
		};
		6A3670B81D2C1FBD005ACE38 /* ImagePickerUITests */ = {
			isa = PBXGroup;
			children = (
				6A3670B91D2C1FBD005ACE38 /* ImagePickerUITests.swift */,
				6A3670BB1D2C1FBD005ACE38 /* Info.plist */,
			);
			path = ImagePickerUITests;
			sourceTree = "<group>";
		};
/* End PBXGroup section */

/* Begin PBXNativeTarget section */
		6A3670951D2C1FBD005ACE38 /* Meme v1.0 */ = {
			isa = PBXNativeTarget;
			buildConfigurationList = 6A3670BE1D2C1FBD005ACE38 /* Build configuration list for PBXNativeTarget "Meme v1.0" */;
			buildPhases = (
				6A3670921D2C1FBD005ACE38 /* Sources */,
				6A3670931D2C1FBD005ACE38 /* Frameworks */,
				6A3670941D2C1FBD005ACE38 /* Resources */,
			);
			buildRules = (
			);
			dependencies = (
			);
			name = "Meme v1.0";
			productName = ImagePicker;
			productReference = 6A3670961D2C1FBD005ACE38 /* Meme v1.0.app */;
			productType = "com.apple.product-type.application";
		};
		6A3670A91D2C1FBD005ACE38 /* Meme v1.0Tests */ = {
			isa = PBXNativeTarget;
			buildConfigurationList = 6A3670C11D2C1FBD005ACE38 /* Build configuration list for PBXNativeTarget "Meme v1.0Tests" */;
			buildPhases = (
				6A3670A61D2C1FBD005ACE38 /* Sources */,
				6A3670A71D2C1FBD005ACE38 /* Frameworks */,
				6A3670A81D2C1FBD005ACE38 /* Resources */,
			);
			buildRules = (
			);
			dependencies = (
				6A3670AC1D2C1FBD005ACE38 /* PBXTargetDependency */,
			);
			name = "Meme v1.0Tests";
			productName = ImagePickerTests;
			productReference = 6A3670AA1D2C1FBD005ACE38 /* Meme v1.0.xctest */;
			productType = "com.apple.product-type.bundle.unit-test";
		};
		6A3670B41D2C1FBD005ACE38 /* Meme v1.0UITests */ = {
			isa = PBXNativeTarget;
			buildConfigurationList = 6A3670C41D2C1FBD005ACE38 /* Build configuration list for PBXNativeTarget "Meme v1.0UITests" */;
			buildPhases = (
				6A3670B11D2C1FBD005ACE38 /* Sources */,
				6A3670B21D2C1FBD005ACE38 /* Frameworks */,
				6A3670B31D2C1FBD005ACE38 /* Resources */,
			);
			buildRules = (
			);
			dependencies = (
				6A3670B71D2C1FBD005ACE38 /* PBXTargetDependency */,
			);
			name = "Meme v1.0UITests";
			productName = ImagePickerUITests;
			productReference = 6A3670B51D2C1FBD005ACE38 /* Meme v1.0.xctest */;
			productType = "com.apple.product-type.bundle.ui-testing";
		};
/* End PBXNativeTarget section */

/* Begin PBXProject section */
		6A36708E1D2C1FBD005ACE38 /* Project object */ = {
			isa = PBXProject;
			attributes = {
				LastSwiftUpdateCheck = 0730;
				LastUpgradeCheck = 0730;
				ORGANIZATIONNAME = "Nimnualrat, Varunya";
				TargetAttributes = {
					6A3670951D2C1FBD005ACE38 = {
						CreatedOnToolsVersion = 7.3.1;
					};
					6A3670A91D2C1FBD005ACE38 = {
						CreatedOnToolsVersion = 7.3.1;
						TestTargetID = 6A3670951D2C1FBD005ACE38;
					};
					6A3670B41D2C1FBD005ACE38 = {
						CreatedOnToolsVersion = 7.3.1;
						TestTargetID = 6A3670951D2C1FBD005ACE38;
					};
				};
			};
			buildConfigurationList = 6A3670911D2C1FBD005ACE38 /* Build configuration list for PBXProject "Meme v1.0" */;
			compatibilityVersion = "Xcode 3.2";
			developmentRegion = English;
			hasScannedForEncodings = 0;
			knownRegions = (
				en,
				Base,
			);
			mainGroup = 6A36708D1D2C1FBD005ACE38;
			productRefGroup = 6A3670971D2C1FBD005ACE38 /* Products */;
			projectDirPath = "";
			projectRoot = "";
			targets = (
				6A3670951D2C1FBD005ACE38 /* Meme v1.0 */,
				6A3670A91D2C1FBD005ACE38 /* Meme v1.0Tests */,
				6A3670B41D2C1FBD005ACE38 /* Meme v1.0UITests */,
			);
		};
/* End PBXProject section */

/* Begin PBXResourcesBuildPhase section */
		6A3670941D2C1FBD005ACE38 /* Resources */ = {
			isa = PBXResourcesBuildPhase;
			buildActionMask = 2147483647;
			files = (
				6A3670A41D2C1FBD005ACE38 /* LaunchScreen.storyboard in Resources */,
				6A3670A11D2C1FBD005ACE38 /* Assets.xcassets in Resources */,
				6A36709F1D2C1FBD005ACE38 /* Main.storyboard in Resources */,
			);
			runOnlyForDeploymentPostprocessing = 0;
		};
		6A3670A81D2C1FBD005ACE38 /* Resources */ = {
			isa = PBXResourcesBuildPhase;
			buildActionMask = 2147483647;
			files = (
			);
			runOnlyForDeploymentPostprocessing = 0;
		};
		6A3670B31D2C1FBD005ACE38 /* Resources */ = {
			isa = PBXResourcesBuildPhase;
			buildActionMask = 2147483647;
			files = (
			);
			runOnlyForDeploymentPostprocessing = 0;
		};
/* End PBXResourcesBuildPhase section */

/* Begin PBXSourcesBuildPhase section */
		6A3670921D2C1FBD005ACE38 /* Sources */ = {
			isa = PBXSourcesBuildPhase;
			buildActionMask = 2147483647;
			files = (
				6A36709C1D2C1FBD005ACE38 /* ViewController.swift in Sources */,
				6A36709A1D2C1FBD005ACE38 /* AppDelegate.swift in Sources */,
			);
			runOnlyForDeploymentPostprocessing = 0;
		};
		6A3670A61D2C1FBD005ACE38 /* Sources */ = {
			isa = PBXSourcesBuildPhase;
			buildActionMask = 2147483647;
			files = (
				6A3670AF1D2C1FBD005ACE38 /* ImagePickerTests.swift in Sources */,
			);
			runOnlyForDeploymentPostprocessing = 0;
		};
		6A3670B11D2C1FBD005ACE38 /* Sources */ = {
			isa = PBXSourcesBuildPhase;
			buildActionMask = 2147483647;
			files = (
				6A3670BA1D2C1FBD005ACE38 /* ImagePickerUITests.swift in Sources */,
			);
			runOnlyForDeploymentPostprocessing = 0;
		};
/* End PBXSourcesBuildPhase section */

/* Begin PBXTargetDependency section */
		6A3670AC1D2C1FBD005ACE38 /* PBXTargetDependency */ = {
			isa = PBXTargetDependency;
			target = 6A3670951D2C1FBD005ACE38 /* Meme v1.0 */;
			targetProxy = 6A3670AB1D2C1FBD005ACE38 /* PBXContainerItemProxy */;
		};
		6A3670B71D2C1FBD005ACE38 /* PBXTargetDependency */ = {
			isa = PBXTargetDependency;
			target = 6A3670951D2C1FBD005ACE38 /* Meme v1.0 */;
			targetProxy = 6A3670B61D2C1FBD005ACE38 /* PBXContainerItemProxy */;
		};
/* End PBXTargetDependency section */

/* Begin PBXVariantGroup section */
		6A36709D1D2C1FBD005ACE38 /* Main.storyboard */ = {
			isa = PBXVariantGroup;
			children = (
				6A36709E1D2C1FBD005ACE38 /* Base */,
			);
			name = Main.storyboard;
			sourceTree = "<group>";
		};
		6A3670A21D2C1FBD005ACE38 /* LaunchScreen.storyboard */ = {
			isa = PBXVariantGroup;
			children = (
				6A3670A31D2C1FBD005ACE38 /* Base */,
			);
			name = LaunchScreen.storyboard;
			sourceTree = "<group>";
		};
/* End PBXVariantGroup section */

/* Begin XCBuildConfiguration section */
		6A3670BC1D2C1FBD005ACE38 /* Debug */ = {
			isa = XCBuildConfiguration;
			buildSettings = {
				ALWAYS_SEARCH_USER_PATHS = NO;
				CLANG_ANALYZER_NONNULL = YES;
				CLANG_CXX_LANGUAGE_STANDARD = "gnu++0x";
				CLANG_CXX_LIBRARY = "libc++";
				CLANG_ENABLE_MODULES = YES;
				CLANG_ENABLE_OBJC_ARC = YES;
				CLANG_WARN_BOOL_CONVERSION = YES;
				CLANG_WARN_CONSTANT_CONVERSION = YES;
				CLANG_WARN_DIRECT_OBJC_ISA_USAGE = YES_ERROR;
				CLANG_WARN_EMPTY_BODY = YES;
				CLANG_WARN_ENUM_CONVERSION = YES;
				CLANG_WARN_INT_CONVERSION = YES;
				CLANG_WARN_OBJC_ROOT_CLASS = YES_ERROR;
				CLANG_WARN_UNREACHABLE_CODE = YES;
				CLANG_WARN__DUPLICATE_METHOD_MATCH = YES;
				"CODE_SIGN_IDENTITY[sdk=iphoneos*]" = "iPhone Developer";
				COPY_PHASE_STRIP = NO;
				DEBUG_INFORMATION_FORMAT = dwarf;
				ENABLE_STRICT_OBJC_MSGSEND = YES;
				ENABLE_TESTABILITY = YES;
				GCC_C_LANGUAGE_STANDARD = gnu99;
				GCC_DYNAMIC_NO_PIC = NO;
				GCC_NO_COMMON_BLOCKS = YES;
				GCC_OPTIMIZATION_LEVEL = 0;
				GCC_PREPROCESSOR_DEFINITIONS = (
					"DEBUG=1",
					"$(inherited)",
				);
				GCC_WARN_64_TO_32_BIT_CONVERSION = YES;
				GCC_WARN_ABOUT_RETURN_TYPE = YES_ERROR;
				GCC_WARN_UNDECLARED_SELECTOR = YES;
				GCC_WARN_UNINITIALIZED_AUTOS = YES_AGGRESSIVE;
				GCC_WARN_UNUSED_FUNCTION = YES;
				GCC_WARN_UNUSED_VARIABLE = YES;
				IPHONEOS_DEPLOYMENT_TARGET = 9.3;
				MTL_ENABLE_DEBUG_INFO = YES;
				ONLY_ACTIVE_ARCH = YES;
				SDKROOT = iphoneos;
				SWIFT_OPTIMIZATION_LEVEL = "-Onone";
				TARGETED_DEVICE_FAMILY = "1,2";
			};
			name = Debug;
		};
		6A3670BD1D2C1FBD005ACE38 /* Release */ = {
			isa = XCBuildConfiguration;
			buildSettings = {
				ALWAYS_SEARCH_USER_PATHS = NO;
				CLANG_ANALYZER_NONNULL = YES;
				CLANG_CXX_LANGUAGE_STANDARD = "gnu++0x";
				CLANG_CXX_LIBRARY = "libc++";
				CLANG_ENABLE_MODULES = YES;
				CLANG_ENABLE_OBJC_ARC = YES;
				CLANG_WARN_BOOL_CONVERSION = YES;
				CLANG_WARN_CONSTANT_CONVERSION = YES;
				CLANG_WARN_DIRECT_OBJC_ISA_USAGE = YES_ERROR;
				CLANG_WARN_EMPTY_BODY = YES;
				CLANG_WARN_ENUM_CONVERSION = YES;
				CLANG_WARN_INT_CONVERSION = YES;
				CLANG_WARN_OBJC_ROOT_CLASS = YES_ERROR;
				CLANG_WARN_UNREACHABLE_CODE = YES;
				CLANG_WARN__DUPLICATE_METHOD_MATCH = YES;
				"CODE_SIGN_IDENTITY[sdk=iphoneos*]" = "iPhone Developer";
				COPY_PHASE_STRIP = NO;
				DEBUG_INFORMATION_FORMAT = "dwarf-with-dsym";
				ENABLE_NS_ASSERTIONS = NO;
				ENABLE_STRICT_OBJC_MSGSEND = YES;
				GCC_C_LANGUAGE_STANDARD = gnu99;
				GCC_NO_COMMON_BLOCKS = YES;
				GCC_WARN_64_TO_32_BIT_CONVERSION = YES;
				GCC_WARN_ABOUT_RETURN_TYPE = YES_ERROR;
				GCC_WARN_UNDECLARED_SELECTOR = YES;
				GCC_WARN_UNINITIALIZED_AUTOS = YES_AGGRESSIVE;
				GCC_WARN_UNUSED_FUNCTION = YES;
				GCC_WARN_UNUSED_VARIABLE = YES;
				IPHONEOS_DEPLOYMENT_TARGET = 9.3;
				MTL_ENABLE_DEBUG_INFO = NO;
				SDKROOT = iphoneos;
				TARGETED_DEVICE_FAMILY = "1,2";
				VALIDATE_PRODUCT = YES;
			};
			name = Release;
		};
		6A3670BF1D2C1FBD005ACE38 /* Debug */ = {
			isa = XCBuildConfiguration;
			buildSettings = {
				ASSETCATALOG_COMPILER_APPICON_NAME = AppIcon;
				INFOPLIST_FILE = ImagePicker/Info.plist;
				LD_RUNPATH_SEARCH_PATHS = "$(inherited) @executable_path/Frameworks";
				PRODUCT_BUNDLE_IDENTIFIER = com.vnimnualrat.ImagePicker;
				PRODUCT_NAME = "Meme v1.0";
			};
			name = Debug;
		};
		6A3670C01D2C1FBD005ACE38 /* Release */ = {
			isa = XCBuildConfiguration;
			buildSettings = {
				ASSETCATALOG_COMPILER_APPICON_NAME = AppIcon;
				INFOPLIST_FILE = ImagePicker/Info.plist;
				LD_RUNPATH_SEARCH_PATHS = "$(inherited) @executable_path/Frameworks";
				PRODUCT_BUNDLE_IDENTIFIER = com.vnimnualrat.ImagePicker;
				PRODUCT_NAME = "Meme v1.0";
			};
			name = Release;
		};
		6A3670C21D2C1FBD005ACE38 /* Debug */ = {
			isa = XCBuildConfiguration;
			buildSettings = {
				BUNDLE_LOADER = "$(TEST_HOST)";
				INFOPLIST_FILE = ImagePickerTests/Info.plist;
				LD_RUNPATH_SEARCH_PATHS = "$(inherited) @executable_path/Frameworks @loader_path/Frameworks";
				PRODUCT_BUNDLE_IDENTIFIER = com.vnimnualrat.ImagePickerTests;
				PRODUCT_NAME = "Meme v1.0";
				TEST_HOST = "$(BUILT_PRODUCTS_DIR)/Meme v1.0.app/Meme v1.0";
			};
			name = Debug;
		};
		6A3670C31D2C1FBD005ACE38 /* Release */ = {
			isa = XCBuildConfiguration;
			buildSettings = {
				BUNDLE_LOADER = "$(TEST_HOST)";
				INFOPLIST_FILE = ImagePickerTests/Info.plist;
				LD_RUNPATH_SEARCH_PATHS = "$(inherited) @executable_path/Frameworks @loader_path/Frameworks";
				PRODUCT_BUNDLE_IDENTIFIER = com.vnimnualrat.ImagePickerTests;
				PRODUCT_NAME = "Meme v1.0";
				TEST_HOST = "$(BUILT_PRODUCTS_DIR)/Meme v1.0.app/Meme v1.0";
			};
			name = Release;
		};
		6A3670C51D2C1FBD005ACE38 /* Debug */ = {
			isa = XCBuildConfiguration;
			buildSettings = {
				INFOPLIST_FILE = ImagePickerUITests/Info.plist;
				LD_RUNPATH_SEARCH_PATHS = "$(inherited) @executable_path/Frameworks @loader_path/Frameworks";
				PRODUCT_BUNDLE_IDENTIFIER = com.vnimnualrat.ImagePickerUITests;
				PRODUCT_NAME = "Meme v1.0";
				TEST_TARGET_NAME = ImagePicker;
			};
			name = Debug;
		};
		6A3670C61D2C1FBD005ACE38 /* Release */ = {
			isa = XCBuildConfiguration;
			buildSettings = {
				INFOPLIST_FILE = ImagePickerUITests/Info.plist;
				LD_RUNPATH_SEARCH_PATHS = "$(inherited) @executable_path/Frameworks @loader_path/Frameworks";
				PRODUCT_BUNDLE_IDENTIFIER = com.vnimnualrat.ImagePickerUITests;
				PRODUCT_NAME = "Meme v1.0";
				TEST_TARGET_NAME = ImagePicker;
			};
			name = Release;
		};
/* End XCBuildConfiguration section */

/* Begin XCConfigurationList section */
		6A3670911D2C1FBD005ACE38 /* Build configuration list for PBXProject "Meme v1.0" */ = {
			isa = XCConfigurationList;
			buildConfigurations = (
				6A3670BC1D2C1FBD005ACE38 /* Debug */,
				6A3670BD1D2C1FBD005ACE38 /* Release */,
			);
			defaultConfigurationIsVisible = 0;
			defaultConfigurationName = Release;
		};
		6A3670BE1D2C1FBD005ACE38 /* Build configuration list for PBXNativeTarget "Meme v1.0" */ = {
			isa = XCConfigurationList;
			buildConfigurations = (
				6A3670BF1D2C1FBD005ACE38 /* Debug */,
				6A3670C01D2C1FBD005ACE38 /* Release */,
			);
			defaultConfigurationIsVisible = 0;
			defaultConfigurationName = Release;
		};
		6A3670C11D2C1FBD005ACE38 /* Build configuration list for PBXNativeTarget "Meme v1.0Tests" */ = {
			isa = XCConfigurationList;
			buildConfigurations = (
				6A3670C21D2C1FBD005ACE38 /* Debug */,
				6A3670C31D2C1FBD005ACE38 /* Release */,
			);
			defaultConfigurationIsVisible = 0;
			defaultConfigurationName = Release;
		};
		6A3670C41D2C1FBD005ACE38 /* Build configuration list for PBXNativeTarget "Meme v1.0UITests" */ = {
			isa = XCConfigurationList;
			buildConfigurations = (
				6A3670C51D2C1FBD005ACE38 /* Debug */,
				6A3670C61D2C1FBD005ACE38 /* Release */,
			);
			defaultConfigurationIsVisible = 0;
			defaultConfigurationName = Release;
		};
/* End XCConfigurationList section */
	};
	rootObject = 6A36708E1D2C1FBD005ACE38 /* Project object */;
}
